
Microsoft Visual Studio Solution File, Format Version 12.00
# Visual Studio Version 16
VisualStudioVersion = 16.0.29201.188
MinimumVisualStudioVersion = 10.0.40219.1
Project("{FAE04EC0-301F-11D3-BF4B-00C04F79EFBC}") = "PersistentFogAdjuster", "PersistentFogEliminator\PersistentFogAdjuster.csproj", "{0ABDC76B-BBFD-493E-9C2D-22E3214CA824}"
EndProject
Global
	GlobalSection(SolutionConfigurationPlatforms) = preSolution
		Debug|Any CPU = Debug|Any CPU
		Release|Any CPU = Release|Any CPU
	EndGlobalSection
	GlobalSection(ProjectConfigurationPlatforms) = postSolution
		{0ABDC76B-BBFD-493E-9C2D-22E3214CA824}.Debug|Any CPU.ActiveCfg = Debug|Any CPU
		{0ABDC76B-BBFD-493E-9C2D-22E3214CA824}.Debug|Any CPU.Build.0 = Debug|Any CPU
		{0ABDC76B-BBFD-493E-9C2D-22E3214CA824}.Release|Any CPU.ActiveCfg = Release|Any CPU
		{0ABDC76B-BBFD-493E-9C2D-22E3214CA824}.Release|Any CPU.Build.0 = Release|Any CPU
	EndGlobalSection
	GlobalSection(SolutionProperties) = preSolution
		HideSolutionNode = FALSE
	EndGlobalSection
	GlobalSection(ExtensibilityGlobals) = postSolution
		SolutionGuid = {C81B7295-EE4A-4774-8A27-C0FC6E989E30}
	EndGlobalSection
EndGlobal
